
Microsoft Visual Studio Solution File, Format Version 12.00
# Visual Studio Version 16
VisualStudioVersion = 16.0.29102.190
MinimumVisualStudioVersion = 10.0.40219.1
Project("{9A19103F-16F7-4668-BE54-9A1E7A4F7556}") = "ResearchTemplateProjectConsole", "ResearchTemplateProjectConsole\ResearchTemplateProjectConsole.csproj", "{21760AA1-FAD5-4113-95B3-D6DFD022F4C0}"
EndProject
Project("{9A19103F-16F7-4668-BE54-9A1E7A4F7556}") = "ResearchTemplateProjectAspCore", "ResearchTemplateProjectAspCore\ResearchTemplateProjectAspCore.csproj", "{DA3EE8EE-1918-4980-AD4D-3A435336980C}"
EndProject
Global
	GlobalSection(SolutionConfigurationPlatforms) = preSolution
		Debug|Any CPU = Debug|Any CPU
		Release|Any CPU = Release|Any CPU
	EndGlobalSection
	GlobalSection(ProjectConfigurationPlatforms) = postSolution
		{21760AA1-FAD5-4113-95B3-D6DFD022F4C0}.Debug|Any CPU.ActiveCfg = Debug|Any CPU
		{21760AA1-FAD5-4113-95B3-D6DFD022F4C0}.Debug|Any CPU.Build.0 = Debug|Any CPU
		{21760AA1-FAD5-4113-95B3-D6DFD022F4C0}.Release|Any CPU.ActiveCfg = Release|Any CPU
		{21760AA1-FAD5-4113-95B3-D6DFD022F4C0}.Release|Any CPU.Build.0 = Release|Any CPU
		{DA3EE8EE-1918-4980-AD4D-3A435336980C}.Debug|Any CPU.ActiveCfg = Debug|Any CPU
		{DA3EE8EE-1918-4980-AD4D-3A435336980C}.Debug|Any CPU.Build.0 = Debug|Any CPU
		{DA3EE8EE-1918-4980-AD4D-3A435336980C}.Release|Any CPU.ActiveCfg = Release|Any CPU
		{DA3EE8EE-1918-4980-AD4D-3A435336980C}.Release|Any CPU.Build.0 = Release|Any CPU
	EndGlobalSection
	GlobalSection(SolutionProperties) = preSolution
		HideSolutionNode = FALSE
	EndGlobalSection
	GlobalSection(ExtensibilityGlobals) = postSolution
		SolutionGuid = {F3451CA9-0273-4D2A-93B0-BCEAF9CAC9F9}
	EndGlobalSection
EndGlobal
